{
  "name": "cinemax",
  "version": "1.0.0",
  "lockfileVersion": 2,
  "requires": true,
  "packages": {
    "": {
      "name": "cinemax",
      "version": "1.0.0",
      "license": "ISC",
      "dependencies": {
        "@fortawesome/fontawesome-free": "^5.0.0",
        "sweetalert2": "^11.4.38"
      }
    },
    "node_modules/@fortawesome/fontawesome-free": {
      "version": "5.15.4",
      "resolved": "https://registry.npmjs.org/@fortawesome/fontawesome-free/-/fontawesome-free-5.15.4.tgz",
      "integrity": "sha512-eYm8vijH/hpzr/6/1CJ/V/Eb1xQFW2nnUKArb3z+yUWv7HTwj6M7SP957oMjfZjAHU6qpoNc2wQvIxBLWYa/Jg==",
      "hasInstallScript": true,
      "engines": {
        "node": ">=6"
      }
    },
    "node_modules/sweetalert2": {
      "version": "11.4.38",
      "resolved": "https://registry.npmjs.org/sweetalert2/-/sweetalert2-11.4.38.tgz",
      "integrity": "sha512-H8FDIiL7hLe7uUEdTO6xwk2Vexvr05IL7FGZAIHEFmjjnZRWtRrSUYm//r+4bL8d6XhjWFRHXBs32ZCwH+ir8g==",
      "funding": {
        "type": "individual",
        "url": "https://sweetalert2.github.io/#donations"
      }
    }
  },
  "dependencies": {
    "@fortawesome/fontawesome-free": {
      "version": "5.15.4",
      "resolved": "https://registry.npmjs.org/@fortawesome/fontawesome-free/-/fontawesome-free-5.15.4.tgz",
      "integrity": "sha512-eYm8vijH/hpzr/6/1CJ/V/Eb1xQFW2nnUKArb3z+yUWv7HTwj6M7SP957oMjfZjAHU6qpoNc2wQvIxBLWYa/Jg=="
    },
    "sweetalert2": {
      "version": "11.4.38",
      "resolved": "https://registry.npmjs.org/sweetalert2/-/sweetalert2-11.4.38.tgz",
      "integrity": "sha512-H8FDIiL7hLe7uUEdTO6xwk2Vexvr05IL7FGZAIHEFmjjnZRWtRrSUYm//r+4bL8d6XhjWFRHXBs32ZCwH+ir8g=="
    }
  }
}
